
Microsoft Visual Studio Solution File, Format Version 12.00
# Visual Studio Version 17
VisualStudioVersion = 17.0.32014.148
MinimumVisualStudioVersion = 10.0.40219.1
Project("{FAE04EC0-301F-11D3-BF4B-00C04F79EFBC}") = "ConsoleApp2", "ConsoleApp2.csproj", "{82850AC7-6908-4B42-BD3E-085C7D4BE66E}"
EndProject
Global
	GlobalSection(SolutionConfigurationPlatforms) = preSolution
		Debug|Any CPU = Debug|Any CPU
		Release|Any CPU = Release|Any CPU
	EndGlobalSection
	GlobalSection(ProjectConfigurationPlatforms) = postSolution
		{82850AC7-6908-4B42-BD3E-085C7D4BE66E}.Debug|Any CPU.ActiveCfg = Debug|Any CPU
		{82850AC7-6908-4B42-BD3E-085C7D4BE66E}.Debug|Any CPU.Build.0 = Debug|Any CPU
		{82850AC7-6908-4B42-BD3E-085C7D4BE66E}.Release|Any CPU.ActiveCfg = Release|Any CPU
		{82850AC7-6908-4B42-BD3E-085C7D4BE66E}.Release|Any CPU.Build.0 = Release|Any CPU
	EndGlobalSection
	GlobalSection(SolutionProperties) = preSolution
		HideSolutionNode = FALSE
	EndGlobalSection
	GlobalSection(ExtensibilityGlobals) = postSolution
		SolutionGuid = {FB49EFF4-0B27-4A1F-BFE9-11C40516D0A8}
	EndGlobalSection
EndGlobal
