
Microsoft Visual Studio Solution File, Format Version 12.00
# Visual Studio Version 17
VisualStudioVersion = 17.0.32112.339
MinimumVisualStudioVersion = 10.0.40219.1
Project("{FAE04EC0-301F-11D3-BF4B-00C04F79EFBC}") = "Revise.web", "Revise.web\Revise.web.csproj", "{0D3D71B7-FAD0-4305-8647-8CBE5EA2B855}"
EndProject
Global
	GlobalSection(SolutionConfigurationPlatforms) = preSolution
		Debug|Any CPU = Debug|Any CPU
		Release|Any CPU = Release|Any CPU
	EndGlobalSection
	GlobalSection(ProjectConfigurationPlatforms) = postSolution
		{0D3D71B7-FAD0-4305-8647-8CBE5EA2B855}.Debug|Any CPU.ActiveCfg = Debug|Any CPU
		{0D3D71B7-FAD0-4305-8647-8CBE5EA2B855}.Debug|Any CPU.Build.0 = Debug|Any CPU
		{0D3D71B7-FAD0-4305-8647-8CBE5EA2B855}.Release|Any CPU.ActiveCfg = Release|Any CPU
		{0D3D71B7-FAD0-4305-8647-8CBE5EA2B855}.Release|Any CPU.Build.0 = Release|Any CPU
	EndGlobalSection
	GlobalSection(SolutionProperties) = preSolution
		HideSolutionNode = FALSE
	EndGlobalSection
	GlobalSection(ExtensibilityGlobals) = postSolution
		SolutionGuid = {2B92D977-CD59-4638-9AFE-0E245294EC77}
	EndGlobalSection
EndGlobal
