
Microsoft Visual Studio Solution File, Format Version 12.00
# Visual Studio Version 17
VisualStudioVersion = 17.0.32112.339
MinimumVisualStudioVersion = 10.0.40219.1
Project("{FAE04EC0-301F-11D3-BF4B-00C04F79EFBC}") = "ConsoleApp51", "ConsoleApp51\ConsoleApp51.csproj", "{96207AEE-F74C-4056-B03C-9F4BD9B665DA}"
EndProject
Global
	GlobalSection(SolutionConfigurationPlatforms) = preSolution
		Debug|Any CPU = Debug|Any CPU
		Release|Any CPU = Release|Any CPU
	EndGlobalSection
	GlobalSection(ProjectConfigurationPlatforms) = postSolution
		{96207AEE-F74C-4056-B03C-9F4BD9B665DA}.Debug|Any CPU.ActiveCfg = Debug|Any CPU
		{96207AEE-F74C-4056-B03C-9F4BD9B665DA}.Debug|Any CPU.Build.0 = Debug|Any CPU
		{96207AEE-F74C-4056-B03C-9F4BD9B665DA}.Release|Any CPU.ActiveCfg = Release|Any CPU
		{96207AEE-F74C-4056-B03C-9F4BD9B665DA}.Release|Any CPU.Build.0 = Release|Any CPU
	EndGlobalSection
	GlobalSection(SolutionProperties) = preSolution
		HideSolutionNode = FALSE
	EndGlobalSection
	GlobalSection(ExtensibilityGlobals) = postSolution
		SolutionGuid = {223D5562-3ADD-47E6-9BAF-181AB5F379E5}
	EndGlobalSection
EndGlobal
