
Microsoft Visual Studio Solution File, Format Version 12.00
# Visual Studio Version 17
VisualStudioVersion = 17.0.32014.148
MinimumVisualStudioVersion = 10.0.40219.1
Project("{FAE04EC0-301F-11D3-BF4B-00C04F79EFBC}") = "ConsoleApp36", "ConsoleApp36.csproj", "{47FC307C-80A1-433B-BE67-DDD9AD3BC411}"
EndProject
Global
	GlobalSection(SolutionConfigurationPlatforms) = preSolution
		Debug|Any CPU = Debug|Any CPU
		Release|Any CPU = Release|Any CPU
	EndGlobalSection
	GlobalSection(ProjectConfigurationPlatforms) = postSolution
		{47FC307C-80A1-433B-BE67-DDD9AD3BC411}.Debug|Any CPU.ActiveCfg = Debug|Any CPU
		{47FC307C-80A1-433B-BE67-DDD9AD3BC411}.Debug|Any CPU.Build.0 = Debug|Any CPU
		{47FC307C-80A1-433B-BE67-DDD9AD3BC411}.Release|Any CPU.ActiveCfg = Release|Any CPU
		{47FC307C-80A1-433B-BE67-DDD9AD3BC411}.Release|Any CPU.Build.0 = Release|Any CPU
	EndGlobalSection
	GlobalSection(SolutionProperties) = preSolution
		HideSolutionNode = FALSE
	EndGlobalSection
	GlobalSection(ExtensibilityGlobals) = postSolution
		SolutionGuid = {E8992E98-6FE6-42A0-823D-04F4BE16CE04}
	EndGlobalSection
EndGlobal
