
Microsoft Visual Studio Solution File, Format Version 12.00
# Visual Studio Version 17
VisualStudioVersion = 17.0.32014.148
MinimumVisualStudioVersion = 10.0.40219.1
Project("{FAE04EC0-301F-11D3-BF4B-00C04F79EFBC}") = "ConsoleApp20", "ConsoleApp20.csproj", "{829D3C9F-88E7-43C1-ACB3-C8BAE624D1E5}"
EndProject
Global
	GlobalSection(SolutionConfigurationPlatforms) = preSolution
		Debug|Any CPU = Debug|Any CPU
		Release|Any CPU = Release|Any CPU
	EndGlobalSection
	GlobalSection(ProjectConfigurationPlatforms) = postSolution
		{829D3C9F-88E7-43C1-ACB3-C8BAE624D1E5}.Debug|Any CPU.ActiveCfg = Debug|Any CPU
		{829D3C9F-88E7-43C1-ACB3-C8BAE624D1E5}.Debug|Any CPU.Build.0 = Debug|Any CPU
		{829D3C9F-88E7-43C1-ACB3-C8BAE624D1E5}.Release|Any CPU.ActiveCfg = Release|Any CPU
		{829D3C9F-88E7-43C1-ACB3-C8BAE624D1E5}.Release|Any CPU.Build.0 = Release|Any CPU
	EndGlobalSection
	GlobalSection(SolutionProperties) = preSolution
		HideSolutionNode = FALSE
	EndGlobalSection
	GlobalSection(ExtensibilityGlobals) = postSolution
		SolutionGuid = {03B81C17-5E06-45B1-BD1F-60114BBFD170}
	EndGlobalSection
EndGlobal
