
Microsoft Visual Studio Solution File, Format Version 12.00
# Visual Studio Version 17
VisualStudioVersion = 17.0.32014.148
MinimumVisualStudioVersion = 10.0.40219.1
Project("{FAE04EC0-301F-11D3-BF4B-00C04F79EFBC}") = "ConsoleApp20", "ConsoleApp20.csproj", "{BDC4B7F3-D127-41E0-9719-406C23203957}"
EndProject
Global
	GlobalSection(SolutionConfigurationPlatforms) = preSolution
		Debug|Any CPU = Debug|Any CPU
		Release|Any CPU = Release|Any CPU
	EndGlobalSection
	GlobalSection(ProjectConfigurationPlatforms) = postSolution
		{BDC4B7F3-D127-41E0-9719-406C23203957}.Debug|Any CPU.ActiveCfg = Debug|Any CPU
		{BDC4B7F3-D127-41E0-9719-406C23203957}.Debug|Any CPU.Build.0 = Debug|Any CPU
		{BDC4B7F3-D127-41E0-9719-406C23203957}.Release|Any CPU.ActiveCfg = Release|Any CPU
		{BDC4B7F3-D127-41E0-9719-406C23203957}.Release|Any CPU.Build.0 = Release|Any CPU
	EndGlobalSection
	GlobalSection(SolutionProperties) = preSolution
		HideSolutionNode = FALSE
	EndGlobalSection
	GlobalSection(ExtensibilityGlobals) = postSolution
		SolutionGuid = {14189F30-9247-470B-81AA-4A5F93264AE6}
	EndGlobalSection
EndGlobal
