
Microsoft Visual Studio Solution File, Format Version 12.00
# Visual Studio Version 17
VisualStudioVersion = 17.0.32112.339
MinimumVisualStudioVersion = 10.0.40219.1
Project("{FAE04EC0-301F-11D3-BF4B-00C04F79EFBC}") = "ConsoleApp46", "ConsoleApp46\ConsoleApp46.csproj", "{CFDD1F74-68C1-43CB-9ECE-73B9920C7494}"
EndProject
Global
	GlobalSection(SolutionConfigurationPlatforms) = preSolution
		Debug|Any CPU = Debug|Any CPU
		Release|Any CPU = Release|Any CPU
	EndGlobalSection
	GlobalSection(ProjectConfigurationPlatforms) = postSolution
		{CFDD1F74-68C1-43CB-9ECE-73B9920C7494}.Debug|Any CPU.ActiveCfg = Debug|Any CPU
		{CFDD1F74-68C1-43CB-9ECE-73B9920C7494}.Debug|Any CPU.Build.0 = Debug|Any CPU
		{CFDD1F74-68C1-43CB-9ECE-73B9920C7494}.Release|Any CPU.ActiveCfg = Release|Any CPU
		{CFDD1F74-68C1-43CB-9ECE-73B9920C7494}.Release|Any CPU.Build.0 = Release|Any CPU
	EndGlobalSection
	GlobalSection(SolutionProperties) = preSolution
		HideSolutionNode = FALSE
	EndGlobalSection
	GlobalSection(ExtensibilityGlobals) = postSolution
		SolutionGuid = {EC18A587-37BE-48C7-BC11-872F36C5A90E}
	EndGlobalSection
EndGlobal
