
Microsoft Visual Studio Solution File, Format Version 12.00
# Visual Studio Version 17
VisualStudioVersion = 17.0.32014.148
MinimumVisualStudioVersion = 10.0.40219.1
Project("{FAE04EC0-301F-11D3-BF4B-00C04F79EFBC}") = "ConsoleApp15", "ConsoleApp15.csproj", "{8398B5CA-534D-444F-BC27-1432771A42EA}"
EndProject
Global
	GlobalSection(SolutionConfigurationPlatforms) = preSolution
		Debug|Any CPU = Debug|Any CPU
		Release|Any CPU = Release|Any CPU
	EndGlobalSection
	GlobalSection(ProjectConfigurationPlatforms) = postSolution
		{8398B5CA-534D-444F-BC27-1432771A42EA}.Debug|Any CPU.ActiveCfg = Debug|Any CPU
		{8398B5CA-534D-444F-BC27-1432771A42EA}.Debug|Any CPU.Build.0 = Debug|Any CPU
		{8398B5CA-534D-444F-BC27-1432771A42EA}.Release|Any CPU.ActiveCfg = Release|Any CPU
		{8398B5CA-534D-444F-BC27-1432771A42EA}.Release|Any CPU.Build.0 = Release|Any CPU
	EndGlobalSection
	GlobalSection(SolutionProperties) = preSolution
		HideSolutionNode = FALSE
	EndGlobalSection
	GlobalSection(ExtensibilityGlobals) = postSolution
		SolutionGuid = {54015AAA-8CD4-44B6-90B0-FC0E2BF9036D}
	EndGlobalSection
EndGlobal
