
Microsoft Visual Studio Solution File, Format Version 12.00
# Visual Studio Version 17
VisualStudioVersion = 17.0.32112.339
MinimumVisualStudioVersion = 10.0.40219.1
Project("{9A19103F-16F7-4668-BE54-9A1E7A4F7556}") = "ConsoleApp51", "ConsoleApp51\ConsoleApp51.csproj", "{3546A74D-6ACF-4DAB-BBE3-B5D7FFA44A3E}"
EndProject
Project("{9A19103F-16F7-4668-BE54-9A1E7A4F7556}") = "41A", "41A\41A.csproj", "{997D280F-4B48-4400-AB29-15224F7E96F0}"
EndProject
Project("{9A19103F-16F7-4668-BE54-9A1E7A4F7556}") = "110A", "110A\110A.csproj", "{A71224E8-2BC2-4012-B0B7-3BA81AF4C969}"
EndProject
Project("{9A19103F-16F7-4668-BE54-9A1E7A4F7556}") = "581A", "581A\581A.csproj", "{273BE12B-715D-4340-A27B-F3195CC19426}"
EndProject
Project("{9A19103F-16F7-4668-BE54-9A1E7A4F7556}") = "263A", "263A\263A.csproj", "{D9C23F9B-1EE9-45BB-9451-2BAF086877DB}"
EndProject
Project("{9A19103F-16F7-4668-BE54-9A1E7A4F7556}") = "705A", "705A\705A.csproj", "{1EC7C38D-3A8E-4DCE-9066-E9414B849DA9}"
EndProject
Project("{9A19103F-16F7-4668-BE54-9A1E7A4F7556}") = "1154A", "1154A\1154A.csproj", "{2EE02CA8-7465-4C58-ABAE-32566C6B973C}"
EndProject
Project("{FAE04EC0-301F-11D3-BF4B-00C04F79EFBC}") = "791A", "791A\791A.csproj", "{2C32D124-83A0-4F84-A767-F28BAC675D4D}"
EndProject
Global
	GlobalSection(SolutionConfigurationPlatforms) = preSolution
		Debug|Any CPU = Debug|Any CPU
		Release|Any CPU = Release|Any CPU
	EndGlobalSection
	GlobalSection(ProjectConfigurationPlatforms) = postSolution
		{3546A74D-6ACF-4DAB-BBE3-B5D7FFA44A3E}.Debug|Any CPU.ActiveCfg = Debug|Any CPU
		{3546A74D-6ACF-4DAB-BBE3-B5D7FFA44A3E}.Debug|Any CPU.Build.0 = Debug|Any CPU
		{3546A74D-6ACF-4DAB-BBE3-B5D7FFA44A3E}.Release|Any CPU.ActiveCfg = Release|Any CPU
		{3546A74D-6ACF-4DAB-BBE3-B5D7FFA44A3E}.Release|Any CPU.Build.0 = Release|Any CPU
		{997D280F-4B48-4400-AB29-15224F7E96F0}.Debug|Any CPU.ActiveCfg = Debug|Any CPU
		{997D280F-4B48-4400-AB29-15224F7E96F0}.Debug|Any CPU.Build.0 = Debug|Any CPU
		{997D280F-4B48-4400-AB29-15224F7E96F0}.Release|Any CPU.ActiveCfg = Release|Any CPU
		{997D280F-4B48-4400-AB29-15224F7E96F0}.Release|Any CPU.Build.0 = Release|Any CPU
		{A71224E8-2BC2-4012-B0B7-3BA81AF4C969}.Debug|Any CPU.ActiveCfg = Debug|Any CPU
		{A71224E8-2BC2-4012-B0B7-3BA81AF4C969}.Debug|Any CPU.Build.0 = Debug|Any CPU
		{A71224E8-2BC2-4012-B0B7-3BA81AF4C969}.Release|Any CPU.ActiveCfg = Release|Any CPU
		{A71224E8-2BC2-4012-B0B7-3BA81AF4C969}.Release|Any CPU.Build.0 = Release|Any CPU
		{273BE12B-715D-4340-A27B-F3195CC19426}.Debug|Any CPU.ActiveCfg = Debug|Any CPU
		{273BE12B-715D-4340-A27B-F3195CC19426}.Debug|Any CPU.Build.0 = Debug|Any CPU
		{273BE12B-715D-4340-A27B-F3195CC19426}.Release|Any CPU.ActiveCfg = Release|Any CPU
		{273BE12B-715D-4340-A27B-F3195CC19426}.Release|Any CPU.Build.0 = Release|Any CPU
		{D9C23F9B-1EE9-45BB-9451-2BAF086877DB}.Debug|Any CPU.ActiveCfg = Debug|Any CPU
		{D9C23F9B-1EE9-45BB-9451-2BAF086877DB}.Debug|Any CPU.Build.0 = Debug|Any CPU
		{D9C23F9B-1EE9-45BB-9451-2BAF086877DB}.Release|Any CPU.ActiveCfg = Release|Any CPU
		{D9C23F9B-1EE9-45BB-9451-2BAF086877DB}.Release|Any CPU.Build.0 = Release|Any CPU
		{1EC7C38D-3A8E-4DCE-9066-E9414B849DA9}.Debug|Any CPU.ActiveCfg = Debug|Any CPU
		{1EC7C38D-3A8E-4DCE-9066-E9414B849DA9}.Debug|Any CPU.Build.0 = Debug|Any CPU
		{1EC7C38D-3A8E-4DCE-9066-E9414B849DA9}.Release|Any CPU.ActiveCfg = Release|Any CPU
		{1EC7C38D-3A8E-4DCE-9066-E9414B849DA9}.Release|Any CPU.Build.0 = Release|Any CPU
		{2EE02CA8-7465-4C58-ABAE-32566C6B973C}.Debug|Any CPU.ActiveCfg = Debug|Any CPU
		{2EE02CA8-7465-4C58-ABAE-32566C6B973C}.Debug|Any CPU.Build.0 = Debug|Any CPU
		{2EE02CA8-7465-4C58-ABAE-32566C6B973C}.Release|Any CPU.ActiveCfg = Release|Any CPU
		{2EE02CA8-7465-4C58-ABAE-32566C6B973C}.Release|Any CPU.Build.0 = Release|Any CPU
		{2C32D124-83A0-4F84-A767-F28BAC675D4D}.Debug|Any CPU.ActiveCfg = Debug|Any CPU
		{2C32D124-83A0-4F84-A767-F28BAC675D4D}.Debug|Any CPU.Build.0 = Debug|Any CPU
		{2C32D124-83A0-4F84-A767-F28BAC675D4D}.Release|Any CPU.ActiveCfg = Release|Any CPU
		{2C32D124-83A0-4F84-A767-F28BAC675D4D}.Release|Any CPU.Build.0 = Release|Any CPU
	EndGlobalSection
	GlobalSection(SolutionProperties) = preSolution
		HideSolutionNode = FALSE
	EndGlobalSection
	GlobalSection(ExtensibilityGlobals) = postSolution
		SolutionGuid = {959B4346-45D2-4D01-B915-668BD0F66D9C}
	EndGlobalSection
EndGlobal
