
Microsoft Visual Studio Solution File, Format Version 12.00
# Visual Studio Version 17
VisualStudioVersion = 17.0.32112.339
MinimumVisualStudioVersion = 10.0.40219.1
Project("{9A19103F-16F7-4668-BE54-9A1E7A4F7556}") = "ConsoleApp51", "ConsoleApp51\ConsoleApp51.csproj", "{3546A74D-6ACF-4DAB-BBE3-B5D7FFA44A3E}"
EndProject
Project("{9A19103F-16F7-4668-BE54-9A1E7A4F7556}") = "41A", "41A\41A.csproj", "{997D280F-4B48-4400-AB29-15224F7E96F0}"
EndProject
Project("{9A19103F-16F7-4668-BE54-9A1E7A4F7556}") = "110A", "110A\110A.csproj", "{A71224E8-2BC2-4012-B0B7-3BA81AF4C969}"
EndProject
Project("{9A19103F-16F7-4668-BE54-9A1E7A4F7556}") = "581A", "581A\581A.csproj", "{273BE12B-715D-4340-A27B-F3195CC19426}"
EndProject
Project("{9A19103F-16F7-4668-BE54-9A1E7A4F7556}") = "263A", "263A\263A.csproj", "{D9C23F9B-1EE9-45BB-9451-2BAF086877DB}"
EndProject
Project("{9A19103F-16F7-4668-BE54-9A1E7A4F7556}") = "705A", "705A\705A.csproj", "{1EC7C38D-3A8E-4DCE-9066-E9414B849DA9}"
EndProject
Project("{9A19103F-16F7-4668-BE54-9A1E7A4F7556}") = "1154A", "1154A\1154A.csproj", "{2EE02CA8-7465-4C58-ABAE-32566C6B973C}"
EndProject
Project("{9A19103F-16F7-4668-BE54-9A1E7A4F7556}") = "791A", "791A\791A.csproj", "{2C32D124-83A0-4F84-A767-F28BAC675D4D}"
EndProject
Project("{9A19103F-16F7-4668-BE54-9A1E7A4F7556}") = "546A", "546A\546A.csproj", "{E7DB47DC-DB7C-484A-8F56-0802C47C9998}"
EndProject
Project("{9A19103F-16F7-4668-BE54-9A1E7A4F7556}") = "236A", "236A\236A.csproj", "{ABCB49B7-415C-4AA9-AB84-FEE82B99A9AB}"
EndProject
Project("{9A19103F-16F7-4668-BE54-9A1E7A4F7556}") = "339A", "339A\339A.csproj", "{8EECB71C-037B-4DDB-A26F-7DCEB457A0E2}"
EndProject
Project("{9A19103F-16F7-4668-BE54-9A1E7A4F7556}") = "266A", "266A\266A.csproj", "{3B4E77B8-5613-4C02-8C18-AE916A947488}"
EndProject
Project("{9A19103F-16F7-4668-BE54-9A1E7A4F7556}") = "122A", "122A\122A.csproj", "{314F8DF8-3198-4C80-83B1-5C697F7A9475}"
EndProject
Project("{9A19103F-16F7-4668-BE54-9A1E7A4F7556}") = "1294A", "1294A\1294A.csproj", "{79F3300A-66C4-47ED-BA67-10D37B50BCDA}"
EndProject
Project("{9A19103F-16F7-4668-BE54-9A1E7A4F7556}") = "1A", "1A\1A.csproj", "{27B7ECF6-D342-4E0A-BAFC-0F7D3954D16E}"
EndProject
Project("{9A19103F-16F7-4668-BE54-9A1E7A4F7556}") = "935A", "935A\935A.csproj", "{AFD1CF25-ABE6-4CF6-B69A-73253CA29235}"
EndProject
Project("{9A19103F-16F7-4668-BE54-9A1E7A4F7556}") = "306A", "306A\306A.csproj", "{7958C7AB-6417-45F0-A684-301978746D81}"
EndProject
Project("{9A19103F-16F7-4668-BE54-9A1E7A4F7556}") = "318A", "318A\318A.csproj", "{06080324-639F-48F0-91B0-1DA3920BE832}"
EndProject
Project("{9A19103F-16F7-4668-BE54-9A1E7A4F7556}") = "58A", "58A\58A.csproj", "{CD80A029-FBA4-4A36-A05E-C7BDF54BAB1A}"
EndProject
Project("{9A19103F-16F7-4668-BE54-9A1E7A4F7556}") = "760A", "760A\760A.csproj", "{4A66D064-0FD2-4582-8548-817B63443E06}"
EndProject
Project("{9A19103F-16F7-4668-BE54-9A1E7A4F7556}") = "802G", "802G\802G.csproj", "{E4469AC6-7E9B-4EB3-9492-7A9F283CB798}"
EndProject
Project("{9A19103F-16F7-4668-BE54-9A1E7A4F7556}") = "492A", "492A\492A.csproj", "{1E0EDB5E-7049-479D-8B6D-042BD0125BEE}"
EndProject
Project("{9A19103F-16F7-4668-BE54-9A1E7A4F7556}") = "448A", "448A\448A.csproj", "{6AB33B73-C2A2-4F18-BD93-2AC6572486AD}"
EndProject
Project("{9A19103F-16F7-4668-BE54-9A1E7A4F7556}") = "622B", "622B\622B.csproj", "{3D6F6EBC-B4B4-460C-BFC9-02A646346C34}"
EndProject
Project("{9A19103F-16F7-4668-BE54-9A1E7A4F7556}") = "999B", "999B\999B.csproj", "{9586FFB8-A2D0-426E-8990-E158BCAA39C4}"
EndProject
Project("{9A19103F-16F7-4668-BE54-9A1E7A4F7556}") = "486A", "486A\486A.csproj", "{FC316688-2A8A-43FE-BABA-A6DDB5158D9A}"
EndProject
Project("{9A19103F-16F7-4668-BE54-9A1E7A4F7556}") = "339B", "339B\339B.csproj", "{E2B8200F-0D2B-45D8-99BC-43B462563C56}"
EndProject
Project("{9A19103F-16F7-4668-BE54-9A1E7A4F7556}") = "158A", "158A\158A.csproj", "{99E2D5E1-6F0C-4353-9C49-CA3B51D458D8}"
EndProject
Project("{9A19103F-16F7-4668-BE54-9A1E7A4F7556}") = "45A", "45A\45A.csproj", "{17308101-BD2F-47C6-BC7A-1BFCEBD8F7D3}"
EndProject
Project("{9A19103F-16F7-4668-BE54-9A1E7A4F7556}") = "820A", "820A\820A.csproj", "{38525A41-7668-425F-8693-C9210F738A60}"
EndProject
Project("{FAE04EC0-301F-11D3-BF4B-00C04F79EFBC}") = "479A", "479A\479A.csproj", "{6FD61F90-A5F9-477B-9304-A391881F080C}"
EndProject
Global
	GlobalSection(SolutionConfigurationPlatforms) = preSolution
		Debug|Any CPU = Debug|Any CPU
		Release|Any CPU = Release|Any CPU
	EndGlobalSection
	GlobalSection(ProjectConfigurationPlatforms) = postSolution
		{3546A74D-6ACF-4DAB-BBE3-B5D7FFA44A3E}.Debug|Any CPU.ActiveCfg = Debug|Any CPU
		{3546A74D-6ACF-4DAB-BBE3-B5D7FFA44A3E}.Debug|Any CPU.Build.0 = Debug|Any CPU
		{3546A74D-6ACF-4DAB-BBE3-B5D7FFA44A3E}.Release|Any CPU.ActiveCfg = Release|Any CPU
		{3546A74D-6ACF-4DAB-BBE3-B5D7FFA44A3E}.Release|Any CPU.Build.0 = Release|Any CPU
		{997D280F-4B48-4400-AB29-15224F7E96F0}.Debug|Any CPU.ActiveCfg = Debug|Any CPU
		{997D280F-4B48-4400-AB29-15224F7E96F0}.Debug|Any CPU.Build.0 = Debug|Any CPU
		{997D280F-4B48-4400-AB29-15224F7E96F0}.Release|Any CPU.ActiveCfg = Release|Any CPU
		{997D280F-4B48-4400-AB29-15224F7E96F0}.Release|Any CPU.Build.0 = Release|Any CPU
		{A71224E8-2BC2-4012-B0B7-3BA81AF4C969}.Debug|Any CPU.ActiveCfg = Debug|Any CPU
		{A71224E8-2BC2-4012-B0B7-3BA81AF4C969}.Debug|Any CPU.Build.0 = Debug|Any CPU
		{A71224E8-2BC2-4012-B0B7-3BA81AF4C969}.Release|Any CPU.ActiveCfg = Release|Any CPU
		{A71224E8-2BC2-4012-B0B7-3BA81AF4C969}.Release|Any CPU.Build.0 = Release|Any CPU
		{273BE12B-715D-4340-A27B-F3195CC19426}.Debug|Any CPU.ActiveCfg = Debug|Any CPU
		{273BE12B-715D-4340-A27B-F3195CC19426}.Debug|Any CPU.Build.0 = Debug|Any CPU
		{273BE12B-715D-4340-A27B-F3195CC19426}.Release|Any CPU.ActiveCfg = Release|Any CPU
		{273BE12B-715D-4340-A27B-F3195CC19426}.Release|Any CPU.Build.0 = Release|Any CPU
		{D9C23F9B-1EE9-45BB-9451-2BAF086877DB}.Debug|Any CPU.ActiveCfg = Debug|Any CPU
		{D9C23F9B-1EE9-45BB-9451-2BAF086877DB}.Debug|Any CPU.Build.0 = Debug|Any CPU
		{D9C23F9B-1EE9-45BB-9451-2BAF086877DB}.Release|Any CPU.ActiveCfg = Release|Any CPU
		{D9C23F9B-1EE9-45BB-9451-2BAF086877DB}.Release|Any CPU.Build.0 = Release|Any CPU
		{1EC7C38D-3A8E-4DCE-9066-E9414B849DA9}.Debug|Any CPU.ActiveCfg = Debug|Any CPU
		{1EC7C38D-3A8E-4DCE-9066-E9414B849DA9}.Debug|Any CPU.Build.0 = Debug|Any CPU
		{1EC7C38D-3A8E-4DCE-9066-E9414B849DA9}.Release|Any CPU.ActiveCfg = Release|Any CPU
		{1EC7C38D-3A8E-4DCE-9066-E9414B849DA9}.Release|Any CPU.Build.0 = Release|Any CPU
		{2EE02CA8-7465-4C58-ABAE-32566C6B973C}.Debug|Any CPU.ActiveCfg = Debug|Any CPU
		{2EE02CA8-7465-4C58-ABAE-32566C6B973C}.Debug|Any CPU.Build.0 = Debug|Any CPU
		{2EE02CA8-7465-4C58-ABAE-32566C6B973C}.Release|Any CPU.ActiveCfg = Release|Any CPU
		{2EE02CA8-7465-4C58-ABAE-32566C6B973C}.Release|Any CPU.Build.0 = Release|Any CPU
		{2C32D124-83A0-4F84-A767-F28BAC675D4D}.Debug|Any CPU.ActiveCfg = Debug|Any CPU
		{2C32D124-83A0-4F84-A767-F28BAC675D4D}.Debug|Any CPU.Build.0 = Debug|Any CPU
		{2C32D124-83A0-4F84-A767-F28BAC675D4D}.Release|Any CPU.ActiveCfg = Release|Any CPU
		{2C32D124-83A0-4F84-A767-F28BAC675D4D}.Release|Any CPU.Build.0 = Release|Any CPU
		{E7DB47DC-DB7C-484A-8F56-0802C47C9998}.Debug|Any CPU.ActiveCfg = Debug|Any CPU
		{E7DB47DC-DB7C-484A-8F56-0802C47C9998}.Debug|Any CPU.Build.0 = Debug|Any CPU
		{E7DB47DC-DB7C-484A-8F56-0802C47C9998}.Release|Any CPU.ActiveCfg = Release|Any CPU
		{E7DB47DC-DB7C-484A-8F56-0802C47C9998}.Release|Any CPU.Build.0 = Release|Any CPU
		{ABCB49B7-415C-4AA9-AB84-FEE82B99A9AB}.Debug|Any CPU.ActiveCfg = Debug|Any CPU
		{ABCB49B7-415C-4AA9-AB84-FEE82B99A9AB}.Debug|Any CPU.Build.0 = Debug|Any CPU
		{ABCB49B7-415C-4AA9-AB84-FEE82B99A9AB}.Release|Any CPU.ActiveCfg = Release|Any CPU
		{ABCB49B7-415C-4AA9-AB84-FEE82B99A9AB}.Release|Any CPU.Build.0 = Release|Any CPU
		{8EECB71C-037B-4DDB-A26F-7DCEB457A0E2}.Debug|Any CPU.ActiveCfg = Debug|Any CPU
		{8EECB71C-037B-4DDB-A26F-7DCEB457A0E2}.Debug|Any CPU.Build.0 = Debug|Any CPU
		{8EECB71C-037B-4DDB-A26F-7DCEB457A0E2}.Release|Any CPU.ActiveCfg = Release|Any CPU
		{8EECB71C-037B-4DDB-A26F-7DCEB457A0E2}.Release|Any CPU.Build.0 = Release|Any CPU
		{3B4E77B8-5613-4C02-8C18-AE916A947488}.Debug|Any CPU.ActiveCfg = Debug|Any CPU
		{3B4E77B8-5613-4C02-8C18-AE916A947488}.Debug|Any CPU.Build.0 = Debug|Any CPU
		{3B4E77B8-5613-4C02-8C18-AE916A947488}.Release|Any CPU.ActiveCfg = Release|Any CPU
		{3B4E77B8-5613-4C02-8C18-AE916A947488}.Release|Any CPU.Build.0 = Release|Any CPU
		{314F8DF8-3198-4C80-83B1-5C697F7A9475}.Debug|Any CPU.ActiveCfg = Debug|Any CPU
		{314F8DF8-3198-4C80-83B1-5C697F7A9475}.Debug|Any CPU.Build.0 = Debug|Any CPU
		{314F8DF8-3198-4C80-83B1-5C697F7A9475}.Release|Any CPU.ActiveCfg = Release|Any CPU
		{314F8DF8-3198-4C80-83B1-5C697F7A9475}.Release|Any CPU.Build.0 = Release|Any CPU
		{79F3300A-66C4-47ED-BA67-10D37B50BCDA}.Debug|Any CPU.ActiveCfg = Debug|Any CPU
		{79F3300A-66C4-47ED-BA67-10D37B50BCDA}.Debug|Any CPU.Build.0 = Debug|Any CPU
		{79F3300A-66C4-47ED-BA67-10D37B50BCDA}.Release|Any CPU.ActiveCfg = Release|Any CPU
		{79F3300A-66C4-47ED-BA67-10D37B50BCDA}.Release|Any CPU.Build.0 = Release|Any CPU
		{27B7ECF6-D342-4E0A-BAFC-0F7D3954D16E}.Debug|Any CPU.ActiveCfg = Debug|Any CPU
		{27B7ECF6-D342-4E0A-BAFC-0F7D3954D16E}.Debug|Any CPU.Build.0 = Debug|Any CPU
		{27B7ECF6-D342-4E0A-BAFC-0F7D3954D16E}.Release|Any CPU.ActiveCfg = Release|Any CPU
		{27B7ECF6-D342-4E0A-BAFC-0F7D3954D16E}.Release|Any CPU.Build.0 = Release|Any CPU
		{AFD1CF25-ABE6-4CF6-B69A-73253CA29235}.Debug|Any CPU.ActiveCfg = Debug|Any CPU
		{AFD1CF25-ABE6-4CF6-B69A-73253CA29235}.Debug|Any CPU.Build.0 = Debug|Any CPU
		{AFD1CF25-ABE6-4CF6-B69A-73253CA29235}.Release|Any CPU.ActiveCfg = Release|Any CPU
		{AFD1CF25-ABE6-4CF6-B69A-73253CA29235}.Release|Any CPU.Build.0 = Release|Any CPU
		{7958C7AB-6417-45F0-A684-301978746D81}.Debug|Any CPU.ActiveCfg = Debug|Any CPU
		{7958C7AB-6417-45F0-A684-301978746D81}.Debug|Any CPU.Build.0 = Debug|Any CPU
		{7958C7AB-6417-45F0-A684-301978746D81}.Release|Any CPU.ActiveCfg = Release|Any CPU
		{7958C7AB-6417-45F0-A684-301978746D81}.Release|Any CPU.Build.0 = Release|Any CPU
		{06080324-639F-48F0-91B0-1DA3920BE832}.Debug|Any CPU.ActiveCfg = Debug|Any CPU
		{06080324-639F-48F0-91B0-1DA3920BE832}.Debug|Any CPU.Build.0 = Debug|Any CPU
		{06080324-639F-48F0-91B0-1DA3920BE832}.Release|Any CPU.ActiveCfg = Release|Any CPU
		{06080324-639F-48F0-91B0-1DA3920BE832}.Release|Any CPU.Build.0 = Release|Any CPU
		{CD80A029-FBA4-4A36-A05E-C7BDF54BAB1A}.Debug|Any CPU.ActiveCfg = Debug|Any CPU
		{CD80A029-FBA4-4A36-A05E-C7BDF54BAB1A}.Debug|Any CPU.Build.0 = Debug|Any CPU
		{CD80A029-FBA4-4A36-A05E-C7BDF54BAB1A}.Release|Any CPU.ActiveCfg = Release|Any CPU
		{CD80A029-FBA4-4A36-A05E-C7BDF54BAB1A}.Release|Any CPU.Build.0 = Release|Any CPU
		{4A66D064-0FD2-4582-8548-817B63443E06}.Debug|Any CPU.ActiveCfg = Debug|Any CPU
		{4A66D064-0FD2-4582-8548-817B63443E06}.Debug|Any CPU.Build.0 = Debug|Any CPU
		{4A66D064-0FD2-4582-8548-817B63443E06}.Release|Any CPU.ActiveCfg = Release|Any CPU
		{4A66D064-0FD2-4582-8548-817B63443E06}.Release|Any CPU.Build.0 = Release|Any CPU
		{E4469AC6-7E9B-4EB3-9492-7A9F283CB798}.Debug|Any CPU.ActiveCfg = Debug|Any CPU
		{E4469AC6-7E9B-4EB3-9492-7A9F283CB798}.Debug|Any CPU.Build.0 = Debug|Any CPU
		{E4469AC6-7E9B-4EB3-9492-7A9F283CB798}.Release|Any CPU.ActiveCfg = Release|Any CPU
		{E4469AC6-7E9B-4EB3-9492-7A9F283CB798}.Release|Any CPU.Build.0 = Release|Any CPU
		{1E0EDB5E-7049-479D-8B6D-042BD0125BEE}.Debug|Any CPU.ActiveCfg = Debug|Any CPU
		{1E0EDB5E-7049-479D-8B6D-042BD0125BEE}.Debug|Any CPU.Build.0 = Debug|Any CPU
		{1E0EDB5E-7049-479D-8B6D-042BD0125BEE}.Release|Any CPU.ActiveCfg = Release|Any CPU
		{1E0EDB5E-7049-479D-8B6D-042BD0125BEE}.Release|Any CPU.Build.0 = Release|Any CPU
		{6AB33B73-C2A2-4F18-BD93-2AC6572486AD}.Debug|Any CPU.ActiveCfg = Debug|Any CPU
		{6AB33B73-C2A2-4F18-BD93-2AC6572486AD}.Debug|Any CPU.Build.0 = Debug|Any CPU
		{6AB33B73-C2A2-4F18-BD93-2AC6572486AD}.Release|Any CPU.ActiveCfg = Release|Any CPU
		{6AB33B73-C2A2-4F18-BD93-2AC6572486AD}.Release|Any CPU.Build.0 = Release|Any CPU
		{3D6F6EBC-B4B4-460C-BFC9-02A646346C34}.Debug|Any CPU.ActiveCfg = Debug|Any CPU
		{3D6F6EBC-B4B4-460C-BFC9-02A646346C34}.Debug|Any CPU.Build.0 = Debug|Any CPU
		{3D6F6EBC-B4B4-460C-BFC9-02A646346C34}.Release|Any CPU.ActiveCfg = Release|Any CPU
		{3D6F6EBC-B4B4-460C-BFC9-02A646346C34}.Release|Any CPU.Build.0 = Release|Any CPU
		{9586FFB8-A2D0-426E-8990-E158BCAA39C4}.Debug|Any CPU.ActiveCfg = Debug|Any CPU
		{9586FFB8-A2D0-426E-8990-E158BCAA39C4}.Debug|Any CPU.Build.0 = Debug|Any CPU
		{9586FFB8-A2D0-426E-8990-E158BCAA39C4}.Release|Any CPU.ActiveCfg = Release|Any CPU
		{9586FFB8-A2D0-426E-8990-E158BCAA39C4}.Release|Any CPU.Build.0 = Release|Any CPU
		{FC316688-2A8A-43FE-BABA-A6DDB5158D9A}.Debug|Any CPU.ActiveCfg = Debug|Any CPU
		{FC316688-2A8A-43FE-BABA-A6DDB5158D9A}.Debug|Any CPU.Build.0 = Debug|Any CPU
		{FC316688-2A8A-43FE-BABA-A6DDB5158D9A}.Release|Any CPU.ActiveCfg = Release|Any CPU
		{FC316688-2A8A-43FE-BABA-A6DDB5158D9A}.Release|Any CPU.Build.0 = Release|Any CPU
		{E2B8200F-0D2B-45D8-99BC-43B462563C56}.Debug|Any CPU.ActiveCfg = Debug|Any CPU
		{E2B8200F-0D2B-45D8-99BC-43B462563C56}.Debug|Any CPU.Build.0 = Debug|Any CPU
		{E2B8200F-0D2B-45D8-99BC-43B462563C56}.Release|Any CPU.ActiveCfg = Release|Any CPU
		{E2B8200F-0D2B-45D8-99BC-43B462563C56}.Release|Any CPU.Build.0 = Release|Any CPU
		{99E2D5E1-6F0C-4353-9C49-CA3B51D458D8}.Debug|Any CPU.ActiveCfg = Debug|Any CPU
		{99E2D5E1-6F0C-4353-9C49-CA3B51D458D8}.Debug|Any CPU.Build.0 = Debug|Any CPU
		{99E2D5E1-6F0C-4353-9C49-CA3B51D458D8}.Release|Any CPU.ActiveCfg = Release|Any CPU
		{99E2D5E1-6F0C-4353-9C49-CA3B51D458D8}.Release|Any CPU.Build.0 = Release|Any CPU
		{17308101-BD2F-47C6-BC7A-1BFCEBD8F7D3}.Debug|Any CPU.ActiveCfg = Debug|Any CPU
		{17308101-BD2F-47C6-BC7A-1BFCEBD8F7D3}.Debug|Any CPU.Build.0 = Debug|Any CPU
		{17308101-BD2F-47C6-BC7A-1BFCEBD8F7D3}.Release|Any CPU.ActiveCfg = Release|Any CPU
		{17308101-BD2F-47C6-BC7A-1BFCEBD8F7D3}.Release|Any CPU.Build.0 = Release|Any CPU
		{38525A41-7668-425F-8693-C9210F738A60}.Debug|Any CPU.ActiveCfg = Debug|Any CPU
		{38525A41-7668-425F-8693-C9210F738A60}.Debug|Any CPU.Build.0 = Debug|Any CPU
		{38525A41-7668-425F-8693-C9210F738A60}.Release|Any CPU.ActiveCfg = Release|Any CPU
		{38525A41-7668-425F-8693-C9210F738A60}.Release|Any CPU.Build.0 = Release|Any CPU
		{6FD61F90-A5F9-477B-9304-A391881F080C}.Debug|Any CPU.ActiveCfg = Debug|Any CPU
		{6FD61F90-A5F9-477B-9304-A391881F080C}.Debug|Any CPU.Build.0 = Debug|Any CPU
		{6FD61F90-A5F9-477B-9304-A391881F080C}.Release|Any CPU.ActiveCfg = Release|Any CPU
		{6FD61F90-A5F9-477B-9304-A391881F080C}.Release|Any CPU.Build.0 = Release|Any CPU
	EndGlobalSection
	GlobalSection(SolutionProperties) = preSolution
		HideSolutionNode = FALSE
	EndGlobalSection
	GlobalSection(ExtensibilityGlobals) = postSolution
		SolutionGuid = {959B4346-45D2-4D01-B915-668BD0F66D9C}
	EndGlobalSection
EndGlobal
