
Microsoft Visual Studio Solution File, Format Version 12.00
# Visual Studio Version 17
VisualStudioVersion = 17.0.32112.339
MinimumVisualStudioVersion = 10.0.40219.1
Project("{FAE04EC0-301F-11D3-BF4B-00C04F79EFBC}") = "Big Integer", "Big Integer\Big Integer.csproj", "{139421E7-0453-44A1-AC50-4F6D0DAD191F}"
EndProject
Global
	GlobalSection(SolutionConfigurationPlatforms) = preSolution
		Debug|Any CPU = Debug|Any CPU
		Release|Any CPU = Release|Any CPU
	EndGlobalSection
	GlobalSection(ProjectConfigurationPlatforms) = postSolution
		{139421E7-0453-44A1-AC50-4F6D0DAD191F}.Debug|Any CPU.ActiveCfg = Debug|Any CPU
		{139421E7-0453-44A1-AC50-4F6D0DAD191F}.Debug|Any CPU.Build.0 = Debug|Any CPU
		{139421E7-0453-44A1-AC50-4F6D0DAD191F}.Release|Any CPU.ActiveCfg = Release|Any CPU
		{139421E7-0453-44A1-AC50-4F6D0DAD191F}.Release|Any CPU.Build.0 = Release|Any CPU
	EndGlobalSection
	GlobalSection(SolutionProperties) = preSolution
		HideSolutionNode = FALSE
	EndGlobalSection
	GlobalSection(ExtensibilityGlobals) = postSolution
		SolutionGuid = {06E65A8D-0E6E-49C7-9EFC-143AA3AC3E67}
	EndGlobalSection
EndGlobal
