
Microsoft Visual Studio Solution File, Format Version 12.00
# Visual Studio Version 17
VisualStudioVersion = 17.0.32014.148
MinimumVisualStudioVersion = 10.0.40219.1
Project("{FAE04EC0-301F-11D3-BF4B-00C04F79EFBC}") = "ConsoleApp5", "ConsoleApp5.csproj", "{29516BF4-3D05-4845-865F-87B557CA6990}"
EndProject
Global
	GlobalSection(SolutionConfigurationPlatforms) = preSolution
		Debug|Any CPU = Debug|Any CPU
		Release|Any CPU = Release|Any CPU
	EndGlobalSection
	GlobalSection(ProjectConfigurationPlatforms) = postSolution
		{29516BF4-3D05-4845-865F-87B557CA6990}.Debug|Any CPU.ActiveCfg = Debug|Any CPU
		{29516BF4-3D05-4845-865F-87B557CA6990}.Debug|Any CPU.Build.0 = Debug|Any CPU
		{29516BF4-3D05-4845-865F-87B557CA6990}.Release|Any CPU.ActiveCfg = Release|Any CPU
		{29516BF4-3D05-4845-865F-87B557CA6990}.Release|Any CPU.Build.0 = Release|Any CPU
	EndGlobalSection
	GlobalSection(SolutionProperties) = preSolution
		HideSolutionNode = FALSE
	EndGlobalSection
	GlobalSection(ExtensibilityGlobals) = postSolution
		SolutionGuid = {28B622D4-97A2-4BDB-8CBC-813BCE5D0754}
	EndGlobalSection
EndGlobal
