
Microsoft Visual Studio Solution File, Format Version 12.00
# Visual Studio Version 17
VisualStudioVersion = 17.0.32014.148
MinimumVisualStudioVersion = 10.0.40219.1
Project("{FAE04EC0-301F-11D3-BF4B-00C04F79EFBC}") = "BasicALGO6", "BasicALGO6.csproj", "{43433C9D-E6DD-40B2-80CD-6B110F803170}"
EndProject
Global
	GlobalSection(SolutionConfigurationPlatforms) = preSolution
		Debug|Any CPU = Debug|Any CPU
		Release|Any CPU = Release|Any CPU
	EndGlobalSection
	GlobalSection(ProjectConfigurationPlatforms) = postSolution
		{43433C9D-E6DD-40B2-80CD-6B110F803170}.Debug|Any CPU.ActiveCfg = Debug|Any CPU
		{43433C9D-E6DD-40B2-80CD-6B110F803170}.Debug|Any CPU.Build.0 = Debug|Any CPU
		{43433C9D-E6DD-40B2-80CD-6B110F803170}.Release|Any CPU.ActiveCfg = Release|Any CPU
		{43433C9D-E6DD-40B2-80CD-6B110F803170}.Release|Any CPU.Build.0 = Release|Any CPU
	EndGlobalSection
	GlobalSection(SolutionProperties) = preSolution
		HideSolutionNode = FALSE
	EndGlobalSection
	GlobalSection(ExtensibilityGlobals) = postSolution
		SolutionGuid = {BF13B6D8-9526-46A9-BC91-36CE2986418C}
	EndGlobalSection
EndGlobal
