
Microsoft Visual Studio Solution File, Format Version 12.00
# Visual Studio Version 17
VisualStudioVersion = 17.0.32014.148
MinimumVisualStudioVersion = 10.0.40219.1
Project("{FAE04EC0-301F-11D3-BF4B-00C04F79EFBC}") = "PracticeArray", "PracticeArray.csproj", "{457BDC0E-A51C-49E9-B75C-363FFD9962B1}"
EndProject
Global
	GlobalSection(SolutionConfigurationPlatforms) = preSolution
		Debug|Any CPU = Debug|Any CPU
		Release|Any CPU = Release|Any CPU
	EndGlobalSection
	GlobalSection(ProjectConfigurationPlatforms) = postSolution
		{457BDC0E-A51C-49E9-B75C-363FFD9962B1}.Debug|Any CPU.ActiveCfg = Debug|Any CPU
		{457BDC0E-A51C-49E9-B75C-363FFD9962B1}.Debug|Any CPU.Build.0 = Debug|Any CPU
		{457BDC0E-A51C-49E9-B75C-363FFD9962B1}.Release|Any CPU.ActiveCfg = Release|Any CPU
		{457BDC0E-A51C-49E9-B75C-363FFD9962B1}.Release|Any CPU.Build.0 = Release|Any CPU
	EndGlobalSection
	GlobalSection(SolutionProperties) = preSolution
		HideSolutionNode = FALSE
	EndGlobalSection
	GlobalSection(ExtensibilityGlobals) = postSolution
		SolutionGuid = {E557BC3B-7365-4CDB-B228-D6F1BA9400FD}
	EndGlobalSection
EndGlobal
