
Microsoft Visual Studio Solution File, Format Version 12.00
# Visual Studio Version 17
VisualStudioVersion = 17.0.32112.339
MinimumVisualStudioVersion = 10.0.40219.1
Project("{9A19103F-16F7-4668-BE54-9A1E7A4F7556}") = "Class_8-Task1", "Class_8-Task1\Class_8-Task1.csproj", "{8FE7EC06-82BB-402C-A24A-ED3F45F4B9A2}"
EndProject
Project("{FAE04EC0-301F-11D3-BF4B-00C04F79EFBC}") = "Class_8-Task-2", "Class_8-Task-2\Class_8-Task-2.csproj", "{025EE1E5-1948-4E89-8262-F7872B73674F}"
EndProject
Global
	GlobalSection(SolutionConfigurationPlatforms) = preSolution
		Debug|Any CPU = Debug|Any CPU
		Release|Any CPU = Release|Any CPU
	EndGlobalSection
	GlobalSection(ProjectConfigurationPlatforms) = postSolution
		{8FE7EC06-82BB-402C-A24A-ED3F45F4B9A2}.Debug|Any CPU.ActiveCfg = Debug|Any CPU
		{8FE7EC06-82BB-402C-A24A-ED3F45F4B9A2}.Debug|Any CPU.Build.0 = Debug|Any CPU
		{8FE7EC06-82BB-402C-A24A-ED3F45F4B9A2}.Release|Any CPU.ActiveCfg = Release|Any CPU
		{8FE7EC06-82BB-402C-A24A-ED3F45F4B9A2}.Release|Any CPU.Build.0 = Release|Any CPU
		{025EE1E5-1948-4E89-8262-F7872B73674F}.Debug|Any CPU.ActiveCfg = Debug|Any CPU
		{025EE1E5-1948-4E89-8262-F7872B73674F}.Debug|Any CPU.Build.0 = Debug|Any CPU
		{025EE1E5-1948-4E89-8262-F7872B73674F}.Release|Any CPU.ActiveCfg = Release|Any CPU
		{025EE1E5-1948-4E89-8262-F7872B73674F}.Release|Any CPU.Build.0 = Release|Any CPU
	EndGlobalSection
	GlobalSection(SolutionProperties) = preSolution
		HideSolutionNode = FALSE
	EndGlobalSection
	GlobalSection(ExtensibilityGlobals) = postSolution
		SolutionGuid = {15449237-8220-4C88-8C9F-A73C9FA4B06A}
	EndGlobalSection
EndGlobal
